
Microsoft Visual Studio Solution File, Format Version 12.00
# Visual Studio Version 17
VisualStudioVersion = 17.0.32014.148
MinimumVisualStudioVersion = 10.0.40219.1
Project("{FAE04EC0-301F-11D3-BF4B-00C04F79EFBC}") = "C)", "C)\C).csproj", "{E9420CFC-8CB4-468D-BD5F-E60158584981}"
EndProject
Global
	GlobalSection(SolutionConfigurationPlatforms) = preSolution
		Debug|Any CPU = Debug|Any CPU
		Release|Any CPU = Release|Any CPU
	EndGlobalSection
	GlobalSection(ProjectConfigurationPlatforms) = postSolution
		{E9420CFC-8CB4-468D-BD5F-E60158584981}.Debug|Any CPU.ActiveCfg = Debug|Any CPU
		{E9420CFC-8CB4-468D-BD5F-E60158584981}.Debug|Any CPU.Build.0 = Debug|Any CPU
		{E9420CFC-8CB4-468D-BD5F-E60158584981}.Release|Any CPU.ActiveCfg = Release|Any CPU
		{E9420CFC-8CB4-468D-BD5F-E60158584981}.Release|Any CPU.Build.0 = Release|Any CPU
	EndGlobalSection
	GlobalSection(SolutionProperties) = preSolution
		HideSolutionNode = FALSE
	EndGlobalSection
	GlobalSection(ExtensibilityGlobals) = postSolution
		SolutionGuid = {78062039-057C-4B8F-9B14-28E033D67444}
	EndGlobalSection
EndGlobal
