
Microsoft Visual Studio Solution File, Format Version 12.00
# Visual Studio Version 17
VisualStudioVersion = 17.2.32616.157
MinimumVisualStudioVersion = 10.0.40219.1
Project("{FAE04EC0-301F-11D3-BF4B-00C04F79EFBC}") = "Interface_example2", "Interface_example2\Interface_example2.csproj", "{DE884F08-F863-4FBC-A7E1-D58C3A1A2A35}"
EndProject
Global
	GlobalSection(SolutionConfigurationPlatforms) = preSolution
		Debug|Any CPU = Debug|Any CPU
		Release|Any CPU = Release|Any CPU
	EndGlobalSection
	GlobalSection(ProjectConfigurationPlatforms) = postSolution
		{DE884F08-F863-4FBC-A7E1-D58C3A1A2A35}.Debug|Any CPU.ActiveCfg = Debug|Any CPU
		{DE884F08-F863-4FBC-A7E1-D58C3A1A2A35}.Debug|Any CPU.Build.0 = Debug|Any CPU
		{DE884F08-F863-4FBC-A7E1-D58C3A1A2A35}.Release|Any CPU.ActiveCfg = Release|Any CPU
		{DE884F08-F863-4FBC-A7E1-D58C3A1A2A35}.Release|Any CPU.Build.0 = Release|Any CPU
	EndGlobalSection
	GlobalSection(SolutionProperties) = preSolution
		HideSolutionNode = FALSE
	EndGlobalSection
	GlobalSection(ExtensibilityGlobals) = postSolution
		SolutionGuid = {5602919C-61D2-4794-8FF4-DB2FCEE24DB9}
	EndGlobalSection
EndGlobal
