
Microsoft Visual Studio Solution File, Format Version 12.00
# Visual Studio Version 17
VisualStudioVersion = 17.1.32210.238
MinimumVisualStudioVersion = 10.0.40219.1
Project("{FAE04EC0-301F-11D3-BF4B-00C04F79EFBC}") = "ardicil 0lar", "ardicil 0lar\ardicil 0lar.csproj", "{A0DD561F-6CA9-4593-8FBB-ADC242E7A761}"
EndProject
Global
	GlobalSection(SolutionConfigurationPlatforms) = preSolution
		Debug|Any CPU = Debug|Any CPU
		Release|Any CPU = Release|Any CPU
	EndGlobalSection
	GlobalSection(ProjectConfigurationPlatforms) = postSolution
		{A0DD561F-6CA9-4593-8FBB-ADC242E7A761}.Debug|Any CPU.ActiveCfg = Debug|Any CPU
		{A0DD561F-6CA9-4593-8FBB-ADC242E7A761}.Debug|Any CPU.Build.0 = Debug|Any CPU
		{A0DD561F-6CA9-4593-8FBB-ADC242E7A761}.Release|Any CPU.ActiveCfg = Release|Any CPU
		{A0DD561F-6CA9-4593-8FBB-ADC242E7A761}.Release|Any CPU.Build.0 = Release|Any CPU
	EndGlobalSection
	GlobalSection(SolutionProperties) = preSolution
		HideSolutionNode = FALSE
	EndGlobalSection
	GlobalSection(ExtensibilityGlobals) = postSolution
		SolutionGuid = {F1776CA9-1F3D-403D-9A6E-861C467C54FE}
	EndGlobalSection
EndGlobal
