
Microsoft Visual Studio Solution File, Format Version 12.00
# Visual Studio Version 17
VisualStudioVersion = 17.1.32210.238
MinimumVisualStudioVersion = 10.0.40219.1
Project("{FAE04EC0-301F-11D3-BF4B-00C04F79EFBC}") = "b)", "b)\b).csproj", "{0DD7DCDD-5B79-4FFB-84E9-CDC236F9C3E2}"
EndProject
Global
	GlobalSection(SolutionConfigurationPlatforms) = preSolution
		Debug|Any CPU = Debug|Any CPU
		Release|Any CPU = Release|Any CPU
	EndGlobalSection
	GlobalSection(ProjectConfigurationPlatforms) = postSolution
		{0DD7DCDD-5B79-4FFB-84E9-CDC236F9C3E2}.Debug|Any CPU.ActiveCfg = Debug|Any CPU
		{0DD7DCDD-5B79-4FFB-84E9-CDC236F9C3E2}.Debug|Any CPU.Build.0 = Debug|Any CPU
		{0DD7DCDD-5B79-4FFB-84E9-CDC236F9C3E2}.Release|Any CPU.ActiveCfg = Release|Any CPU
		{0DD7DCDD-5B79-4FFB-84E9-CDC236F9C3E2}.Release|Any CPU.Build.0 = Release|Any CPU
	EndGlobalSection
	GlobalSection(SolutionProperties) = preSolution
		HideSolutionNode = FALSE
	EndGlobalSection
	GlobalSection(ExtensibilityGlobals) = postSolution
		SolutionGuid = {BD8DB125-B500-41F2-A962-071ECA83370A}
	EndGlobalSection
EndGlobal
