
Microsoft Visual Studio Solution File, Format Version 12.00
# Visual Studio Version 17
VisualStudioVersion = 17.1.32210.238
MinimumVisualStudioVersion = 10.0.40219.1
Project("{FAE04EC0-301F-11D3-BF4B-00C04F79EFBC}") = "4", "4\4.csproj", "{EF0F9A98-8655-4D73-ABB5-85DF20E5A03F}"
EndProject
Global
	GlobalSection(SolutionConfigurationPlatforms) = preSolution
		Debug|Any CPU = Debug|Any CPU
		Release|Any CPU = Release|Any CPU
	EndGlobalSection
	GlobalSection(ProjectConfigurationPlatforms) = postSolution
		{EF0F9A98-8655-4D73-ABB5-85DF20E5A03F}.Debug|Any CPU.ActiveCfg = Debug|Any CPU
		{EF0F9A98-8655-4D73-ABB5-85DF20E5A03F}.Debug|Any CPU.Build.0 = Debug|Any CPU
		{EF0F9A98-8655-4D73-ABB5-85DF20E5A03F}.Release|Any CPU.ActiveCfg = Release|Any CPU
		{EF0F9A98-8655-4D73-ABB5-85DF20E5A03F}.Release|Any CPU.Build.0 = Release|Any CPU
	EndGlobalSection
	GlobalSection(SolutionProperties) = preSolution
		HideSolutionNode = FALSE
	EndGlobalSection
	GlobalSection(ExtensibilityGlobals) = postSolution
		SolutionGuid = {C0C64997-EDC5-4434-8248-16E2993DACD7}
	EndGlobalSection
EndGlobal
