
Microsoft Visual Studio Solution File, Format Version 12.00
# Visual Studio Version 17
VisualStudioVersion = 17.1.32319.34
MinimumVisualStudioVersion = 10.0.40219.1
Project("{FAE04EC0-301F-11D3-BF4B-00C04F79EFBC}") = "a)", "a)\a).csproj", "{D46458C3-AAD4-41E5-9C9D-A4386D44B04A}"
EndProject
Global
	GlobalSection(SolutionConfigurationPlatforms) = preSolution
		Debug|Any CPU = Debug|Any CPU
		Release|Any CPU = Release|Any CPU
	EndGlobalSection
	GlobalSection(ProjectConfigurationPlatforms) = postSolution
		{D46458C3-AAD4-41E5-9C9D-A4386D44B04A}.Debug|Any CPU.ActiveCfg = Debug|Any CPU
		{D46458C3-AAD4-41E5-9C9D-A4386D44B04A}.Debug|Any CPU.Build.0 = Debug|Any CPU
		{D46458C3-AAD4-41E5-9C9D-A4386D44B04A}.Release|Any CPU.ActiveCfg = Release|Any CPU
		{D46458C3-AAD4-41E5-9C9D-A4386D44B04A}.Release|Any CPU.Build.0 = Release|Any CPU
	EndGlobalSection
	GlobalSection(SolutionProperties) = preSolution
		HideSolutionNode = FALSE
	EndGlobalSection
	GlobalSection(ExtensibilityGlobals) = postSolution
		SolutionGuid = {F3803E06-3347-4A74-8110-3E405E675A3C}
	EndGlobalSection
EndGlobal
