
Microsoft Visual Studio Solution File, Format Version 12.00
# Visual Studio Version 17
VisualStudioVersion = 17.0.32014.148
MinimumVisualStudioVersion = 10.0.40219.1
Project("{FAE04EC0-301F-11D3-BF4B-00C04F79EFBC}") = "k ci hedd", "k ci hedd\k ci hedd.csproj", "{AA998585-2B0F-4177-8CCB-88A9E87448E4}"
EndProject
Global
	GlobalSection(SolutionConfigurationPlatforms) = preSolution
		Debug|Any CPU = Debug|Any CPU
		Release|Any CPU = Release|Any CPU
	EndGlobalSection
	GlobalSection(ProjectConfigurationPlatforms) = postSolution
		{AA998585-2B0F-4177-8CCB-88A9E87448E4}.Debug|Any CPU.ActiveCfg = Debug|Any CPU
		{AA998585-2B0F-4177-8CCB-88A9E87448E4}.Debug|Any CPU.Build.0 = Debug|Any CPU
		{AA998585-2B0F-4177-8CCB-88A9E87448E4}.Release|Any CPU.ActiveCfg = Release|Any CPU
		{AA998585-2B0F-4177-8CCB-88A9E87448E4}.Release|Any CPU.Build.0 = Release|Any CPU
	EndGlobalSection
	GlobalSection(SolutionProperties) = preSolution
		HideSolutionNode = FALSE
	EndGlobalSection
	GlobalSection(ExtensibilityGlobals) = postSolution
		SolutionGuid = {7627627A-DD60-46E2-9DCF-88002A5D994A}
	EndGlobalSection
EndGlobal
