
Microsoft Visual Studio Solution File, Format Version 12.00
# Visual Studio Version 17
VisualStudioVersion = 17.0.32014.148
MinimumVisualStudioVersion = 10.0.40219.1
Project("{FAE04EC0-301F-11D3-BF4B-00C04F79EFBC}") = "B)", "B)\B).csproj", "{87A3B153-C5AC-4CBF-8C69-5A337012ACEB}"
EndProject
Global
	GlobalSection(SolutionConfigurationPlatforms) = preSolution
		Debug|Any CPU = Debug|Any CPU
		Release|Any CPU = Release|Any CPU
	EndGlobalSection
	GlobalSection(ProjectConfigurationPlatforms) = postSolution
		{87A3B153-C5AC-4CBF-8C69-5A337012ACEB}.Debug|Any CPU.ActiveCfg = Debug|Any CPU
		{87A3B153-C5AC-4CBF-8C69-5A337012ACEB}.Debug|Any CPU.Build.0 = Debug|Any CPU
		{87A3B153-C5AC-4CBF-8C69-5A337012ACEB}.Release|Any CPU.ActiveCfg = Release|Any CPU
		{87A3B153-C5AC-4CBF-8C69-5A337012ACEB}.Release|Any CPU.Build.0 = Release|Any CPU
	EndGlobalSection
	GlobalSection(SolutionProperties) = preSolution
		HideSolutionNode = FALSE
	EndGlobalSection
	GlobalSection(ExtensibilityGlobals) = postSolution
		SolutionGuid = {7219F5D6-B44F-4D68-AFAA-B8C5D3596427}
	EndGlobalSection
EndGlobal
