
Microsoft Visual Studio Solution File, Format Version 12.00
# Visual Studio Version 17
VisualStudioVersion = 17.0.32014.148
MinimumVisualStudioVersion = 10.0.40219.1
Project("{FAE04EC0-301F-11D3-BF4B-00C04F79EFBC}") = "hasil", "hasil\hasil.csproj", "{3A8E921B-4FEE-406F-B8F0-35178FB0196F}"
EndProject
Global
	GlobalSection(SolutionConfigurationPlatforms) = preSolution
		Debug|Any CPU = Debug|Any CPU
		Release|Any CPU = Release|Any CPU
	EndGlobalSection
	GlobalSection(ProjectConfigurationPlatforms) = postSolution
		{3A8E921B-4FEE-406F-B8F0-35178FB0196F}.Debug|Any CPU.ActiveCfg = Debug|Any CPU
		{3A8E921B-4FEE-406F-B8F0-35178FB0196F}.Debug|Any CPU.Build.0 = Debug|Any CPU
		{3A8E921B-4FEE-406F-B8F0-35178FB0196F}.Release|Any CPU.ActiveCfg = Release|Any CPU
		{3A8E921B-4FEE-406F-B8F0-35178FB0196F}.Release|Any CPU.Build.0 = Release|Any CPU
	EndGlobalSection
	GlobalSection(SolutionProperties) = preSolution
		HideSolutionNode = FALSE
	EndGlobalSection
	GlobalSection(ExtensibilityGlobals) = postSolution
		SolutionGuid = {0EE4F0C8-1003-4E9F-92A2-D94779964FBF}
	EndGlobalSection
EndGlobal
