
Microsoft Visual Studio Solution File, Format Version 12.00
# Visual Studio Version 17
VisualStudioVersion = 17.1.32319.34
MinimumVisualStudioVersion = 10.0.40219.1
Project("{FAE04EC0-301F-11D3-BF4B-00C04F79EFBC}") = "a)", "a)\a).csproj", "{A82A1637-1982-4808-B378-91D8909BCBE7}"
EndProject
Global
	GlobalSection(SolutionConfigurationPlatforms) = preSolution
		Debug|Any CPU = Debug|Any CPU
		Release|Any CPU = Release|Any CPU
	EndGlobalSection
	GlobalSection(ProjectConfigurationPlatforms) = postSolution
		{A82A1637-1982-4808-B378-91D8909BCBE7}.Debug|Any CPU.ActiveCfg = Debug|Any CPU
		{A82A1637-1982-4808-B378-91D8909BCBE7}.Debug|Any CPU.Build.0 = Debug|Any CPU
		{A82A1637-1982-4808-B378-91D8909BCBE7}.Release|Any CPU.ActiveCfg = Release|Any CPU
		{A82A1637-1982-4808-B378-91D8909BCBE7}.Release|Any CPU.Build.0 = Release|Any CPU
	EndGlobalSection
	GlobalSection(SolutionProperties) = preSolution
		HideSolutionNode = FALSE
	EndGlobalSection
	GlobalSection(ExtensibilityGlobals) = postSolution
		SolutionGuid = {2356761A-DA5F-4F91-A0CC-57797668791C}
	EndGlobalSection
EndGlobal
