
Microsoft Visual Studio Solution File, Format Version 12.00
# Visual Studio Version 17
VisualStudioVersion = 17.0.32014.148
MinimumVisualStudioVersion = 10.0.40219.1
Project("{FAE04EC0-301F-11D3-BF4B-00C04F79EFBC}") = "azalan yoxsa artan sira", "azalan yoxsa artan sira\azalan yoxsa artan sira.csproj", "{27303A78-99F3-4CC0-A754-D5902A5C4FF6}"
EndProject
Global
	GlobalSection(SolutionConfigurationPlatforms) = preSolution
		Debug|Any CPU = Debug|Any CPU
		Release|Any CPU = Release|Any CPU
	EndGlobalSection
	GlobalSection(ProjectConfigurationPlatforms) = postSolution
		{27303A78-99F3-4CC0-A754-D5902A5C4FF6}.Debug|Any CPU.ActiveCfg = Debug|Any CPU
		{27303A78-99F3-4CC0-A754-D5902A5C4FF6}.Debug|Any CPU.Build.0 = Debug|Any CPU
		{27303A78-99F3-4CC0-A754-D5902A5C4FF6}.Release|Any CPU.ActiveCfg = Release|Any CPU
		{27303A78-99F3-4CC0-A754-D5902A5C4FF6}.Release|Any CPU.Build.0 = Release|Any CPU
	EndGlobalSection
	GlobalSection(SolutionProperties) = preSolution
		HideSolutionNode = FALSE
	EndGlobalSection
	GlobalSection(ExtensibilityGlobals) = postSolution
		SolutionGuid = {282E1644-F02A-4870-AA32-89F111C9C73C}
	EndGlobalSection
EndGlobal
