
Microsoft Visual Studio Solution File, Format Version 12.00
# Visual Studio Version 17
VisualStudioVersion = 17.1.32319.34
MinimumVisualStudioVersion = 10.0.40219.1
Project("{FAE04EC0-301F-11D3-BF4B-00C04F79EFBC}") = "2.4.5-selection sort", "2.4.5-selection sort\2.4.5-selection sort.csproj", "{17544CCD-9587-43A6-A806-26D6D072D0CF}"
EndProject
Global
	GlobalSection(SolutionConfigurationPlatforms) = preSolution
		Debug|Any CPU = Debug|Any CPU
		Release|Any CPU = Release|Any CPU
	EndGlobalSection
	GlobalSection(ProjectConfigurationPlatforms) = postSolution
		{17544CCD-9587-43A6-A806-26D6D072D0CF}.Debug|Any CPU.ActiveCfg = Debug|Any CPU
		{17544CCD-9587-43A6-A806-26D6D072D0CF}.Debug|Any CPU.Build.0 = Debug|Any CPU
		{17544CCD-9587-43A6-A806-26D6D072D0CF}.Release|Any CPU.ActiveCfg = Release|Any CPU
		{17544CCD-9587-43A6-A806-26D6D072D0CF}.Release|Any CPU.Build.0 = Release|Any CPU
	EndGlobalSection
	GlobalSection(SolutionProperties) = preSolution
		HideSolutionNode = FALSE
	EndGlobalSection
	GlobalSection(ExtensibilityGlobals) = postSolution
		SolutionGuid = {B119E8FD-8880-4440-B2C1-6FEE8C0E2F65}
	EndGlobalSection
EndGlobal
