
Microsoft Visual Studio Solution File, Format Version 12.00
# Visual Studio Version 17
VisualStudioVersion = 17.1.32319.34
MinimumVisualStudioVersion = 10.0.40219.1
Project("{FAE04EC0-301F-11D3-BF4B-00C04F79EFBC}") = "d)", "d)\d).csproj", "{5D465941-1980-40B5-A4BD-AAA63B2D115C}"
EndProject
Global
	GlobalSection(SolutionConfigurationPlatforms) = preSolution
		Debug|Any CPU = Debug|Any CPU
		Release|Any CPU = Release|Any CPU
	EndGlobalSection
	GlobalSection(ProjectConfigurationPlatforms) = postSolution
		{5D465941-1980-40B5-A4BD-AAA63B2D115C}.Debug|Any CPU.ActiveCfg = Debug|Any CPU
		{5D465941-1980-40B5-A4BD-AAA63B2D115C}.Debug|Any CPU.Build.0 = Debug|Any CPU
		{5D465941-1980-40B5-A4BD-AAA63B2D115C}.Release|Any CPU.ActiveCfg = Release|Any CPU
		{5D465941-1980-40B5-A4BD-AAA63B2D115C}.Release|Any CPU.Build.0 = Release|Any CPU
	EndGlobalSection
	GlobalSection(SolutionProperties) = preSolution
		HideSolutionNode = FALSE
	EndGlobalSection
	GlobalSection(ExtensibilityGlobals) = postSolution
		SolutionGuid = {A89143DC-585B-426E-A8C2-82AAECCE7032}
	EndGlobalSection
EndGlobal
