
Microsoft Visual Studio Solution File, Format Version 12.00
# Visual Studio Version 17
VisualStudioVersion = 17.1.32319.34
MinimumVisualStudioVersion = 10.0.40219.1
Project("{FAE04EC0-301F-11D3-BF4B-00C04F79EFBC}") = "e)", "e)\e).csproj", "{0554E640-2BAB-493D-8DA2-13F7A8D58F65}"
EndProject
Global
	GlobalSection(SolutionConfigurationPlatforms) = preSolution
		Debug|Any CPU = Debug|Any CPU
		Release|Any CPU = Release|Any CPU
	EndGlobalSection
	GlobalSection(ProjectConfigurationPlatforms) = postSolution
		{0554E640-2BAB-493D-8DA2-13F7A8D58F65}.Debug|Any CPU.ActiveCfg = Debug|Any CPU
		{0554E640-2BAB-493D-8DA2-13F7A8D58F65}.Debug|Any CPU.Build.0 = Debug|Any CPU
		{0554E640-2BAB-493D-8DA2-13F7A8D58F65}.Release|Any CPU.ActiveCfg = Release|Any CPU
		{0554E640-2BAB-493D-8DA2-13F7A8D58F65}.Release|Any CPU.Build.0 = Release|Any CPU
	EndGlobalSection
	GlobalSection(SolutionProperties) = preSolution
		HideSolutionNode = FALSE
	EndGlobalSection
	GlobalSection(ExtensibilityGlobals) = postSolution
		SolutionGuid = {C24E3621-61C4-415D-A2D4-919AB89567CB}
	EndGlobalSection
EndGlobal
